
Microsoft Visual Studio Solution File, Format Version 12.00
# Visual Studio 15
VisualStudioVersion = 15.0.26430.16
MinimumVisualStudioVersion = 10.0.40219.1
Project("{FAE04EC0-301F-11D3-BF4B-00C04F79EFBC}") = "TheShop", "TheShop\TheShop.csproj", "{72C6A701-A607-4030-8A52-D004440C2AA1}"
EndProject
Project("{FAE04EC0-301F-11D3-BF4B-00C04F79EFBC}") = "TheShop.Repositories", "TheShop.Repositories\TheShop.Repositories.csproj", "{7E303142-6BC6-43FB-BD52-113A14F764D4}"
EndProject
Project("{FAE04EC0-301F-11D3-BF4B-00C04F79EFBC}") = "TheShop.Model", "TheShop.Model\TheShop.Model.csproj", "{6E7F2E4D-4916-44E7-B334-F42148095A23}"
EndProject
Project("{FAE04EC0-301F-11D3-BF4B-00C04F79EFBC}") = "TheShop.Services", "TheShop.Services\TheShop.Services.csproj", "{04C4A91A-FEA6-48B2-BBA3-C581285E9EF3}"
EndProject
Project("{FAE04EC0-301F-11D3-BF4B-00C04F79EFBC}") = "TheShop.Suppliers", "TheShop.Suppliers\TheShop.Suppliers.csproj", "{2978FA2D-F539-405F-9F0E-7FF05256ECC8}"
EndProject
Global
	GlobalSection(SolutionConfigurationPlatforms) = preSolution
		Debug|Any CPU = Debug|Any CPU
		Release|Any CPU = Release|Any CPU
	EndGlobalSection
	GlobalSection(ProjectConfigurationPlatforms) = postSolution
		{72C6A701-A607-4030-8A52-D004440C2AA1}.Debug|Any CPU.ActiveCfg = Debug|Any CPU
		{72C6A701-A607-4030-8A52-D004440C2AA1}.Debug|Any CPU.Build.0 = Debug|Any CPU
		{72C6A701-A607-4030-8A52-D004440C2AA1}.Release|Any CPU.ActiveCfg = Release|Any CPU
		{72C6A701-A607-4030-8A52-D004440C2AA1}.Release|Any CPU.Build.0 = Release|Any CPU
		{7E303142-6BC6-43FB-BD52-113A14F764D4}.Debug|Any CPU.ActiveCfg = Debug|Any CPU
		{7E303142-6BC6-43FB-BD52-113A14F764D4}.Debug|Any CPU.Build.0 = Debug|Any CPU
		{7E303142-6BC6-43FB-BD52-113A14F764D4}.Release|Any CPU.ActiveCfg = Release|Any CPU
		{7E303142-6BC6-43FB-BD52-113A14F764D4}.Release|Any CPU.Build.0 = Release|Any CPU
		{6E7F2E4D-4916-44E7-B334-F42148095A23}.Debug|Any CPU.ActiveCfg = Debug|Any CPU
		{6E7F2E4D-4916-44E7-B334-F42148095A23}.Debug|Any CPU.Build.0 = Debug|Any CPU
		{6E7F2E4D-4916-44E7-B334-F42148095A23}.Release|Any CPU.ActiveCfg = Release|Any CPU
		{6E7F2E4D-4916-44E7-B334-F42148095A23}.Release|Any CPU.Build.0 = Release|Any CPU
		{04C4A91A-FEA6-48B2-BBA3-C581285E9EF3}.Debug|Any CPU.ActiveCfg = Debug|Any CPU
		{04C4A91A-FEA6-48B2-BBA3-C581285E9EF3}.Debug|Any CPU.Build.0 = Debug|Any CPU
		{04C4A91A-FEA6-48B2-BBA3-C581285E9EF3}.Release|Any CPU.ActiveCfg = Release|Any CPU
		{04C4A91A-FEA6-48B2-BBA3-C581285E9EF3}.Release|Any CPU.Build.0 = Release|Any CPU
		{2978FA2D-F539-405F-9F0E-7FF05256ECC8}.Debug|Any CPU.ActiveCfg = Debug|Any CPU
		{2978FA2D-F539-405F-9F0E-7FF05256ECC8}.Debug|Any CPU.Build.0 = Debug|Any CPU
		{2978FA2D-F539-405F-9F0E-7FF05256ECC8}.Release|Any CPU.ActiveCfg = Release|Any CPU
		{2978FA2D-F539-405F-9F0E-7FF05256ECC8}.Release|Any CPU.Build.0 = Release|Any CPU
	EndGlobalSection
	GlobalSection(SolutionProperties) = preSolution
		HideSolutionNode = FALSE
	EndGlobalSection
	GlobalSection(ExtensibilityGlobals) = postSolution
		SolutionGuid = {7903308C-9499-4967-8EE2-106DA11EBF04}
	EndGlobalSection
EndGlobal
